{
  "name": "sign-preprocessor",
  "version": "1.0.0",
  "description": "Sign言語のプリプロセッサモジュール集",
  "main": "sign-preprocessor.js",
  "scripts": {
    "setup": "node test-simple.js",
    "test": "node test-simple.js",
    "test:arg-rewriter": "node test/test-arg-rewriter.js",
    "demo": "node demo-integration.js"
  },
  "keywords": [
    "sign-language",
    "preprocessor",
    "parser",
    "formatter",
    "pegjs"
  ],
  "author": "Sign Language Team",
  "license": "MIT",
  "dependencies": {
    "pegjs": "^0.10.0"
  }
}